github.com/dandawong/go-learning/greetings v0.0.0-20230222060533-ad4dfdd71cff h1:zvEAm6ftyonWaaJ1GIertWiZCNi7aKZcoyNVNM1C724=
github.com/dandawong/go-learning/greetings v0.0.0-20230222060533-ad4dfdd71cff/go.mod h1:O7zjexDT/RFeVBXcPKFRMaJOdDKHWBghzsB786aI274=
github.com/dandawong/go-learning/greetings v0.0.0-20230222062153-c165c7cb1d5d h1:qKVQIlr3vk8EO03+92YDuc7COqmuPgz5wGkJETeGVHE=
github.com/dandawong/go-learning/greetings v0.0.0-20230222062153-c165c7cb1d5d/go.mod h1:O7zjexDT/RFeVBXcPKFRMaJOdDKHWBghzsB786aI274=
